
Microsoft Visual Studio Solution File, Format Version 12.00
# Visual Studio Version 16
VisualStudioVersion = 16.0.808.6
MinimumVisualStudioVersion = 10.0.40219.1
Project("{FAE04EC0-301F-11D3-BF4B-00C04F79EFBC}") = "LabWork6Classes", "LabWork6Classes\LabWork6Classes.csproj", "{EF566D80-21AE-4AFC-B586-FE8809AE4EFB}"
EndProject
Global
	GlobalSection(SolutionConfigurationPlatforms) = preSolution
		Debug|anycpu = Debug|anycpu
		Release|anycpu = Release|anycpu
	EndGlobalSection
	GlobalSection(ProjectConfigurationPlatforms) = postSolution
		{EF566D80-21AE-4AFC-B586-FE8809AE4EFB}.Debug|anycpu.ActiveCfg = Debug|anycpu
		{EF566D80-21AE-4AFC-B586-FE8809AE4EFB}.Debug|anycpu.Build.0 = Debug|anycpu
		{EF566D80-21AE-4AFC-B586-FE8809AE4EFB}.Release|anycpu.ActiveCfg = Release|anycpu
		{EF566D80-21AE-4AFC-B586-FE8809AE4EFB}.Release|anycpu.Build.0 = Release|anycpu
	EndGlobalSection
	GlobalSection(SolutionProperties) = preSolution
		HideSolutionNode = FALSE
	EndGlobalSection
	GlobalSection(ExtensibilityGlobals) = postSolution
		SolutionGuid = {65CB6917-6CCD-4F83-98B5-3ABE32D5F180}
	EndGlobalSection
EndGlobal
